
Microsoft Visual Studio Solution File, Format Version 12.00
# Visual Studio 14
VisualStudioVersion = 14.0.25420.1
MinimumVisualStudioVersion = 10.0.40219.1
Project("{8BC9CEB8-8B4A-11D0-8D11-00A0C91BC942}") = "OPenglTest1", "OPenglTest1\OPenglTest1.vcxproj", "{E7C1954E-559B-4591-B21A-38B59EFCD1F6}"
EndProject
Project("{8BC9CEB8-8B4A-11D0-8D11-00A0C91BC942}") = "Sphere", "Sphere\Sphere.vcxproj", "{97BD232A-78DA-4D35-A4C7-61E8DE13A7A3}"
EndProject
Global
	GlobalSection(SolutionConfigurationPlatforms) = preSolution
		Debug|x64 = Debug|x64
		Debug|x86 = Debug|x86
		Release|x64 = Release|x64
		Release|x86 = Release|x86
	EndGlobalSection
	GlobalSection(ProjectConfigurationPlatforms) = postSolution
		{E7C1954E-559B-4591-B21A-38B59EFCD1F6}.Debug|x64.ActiveCfg = Debug|x64
		{E7C1954E-559B-4591-B21A-38B59EFCD1F6}.Debug|x64.Build.0 = Debug|x64
		{E7C1954E-559B-4591-B21A-38B59EFCD1F6}.Debug|x86.ActiveCfg = Debug|Win32
		{E7C1954E-559B-4591-B21A-38B59EFCD1F6}.Debug|x86.Build.0 = Debug|Win32
		{E7C1954E-559B-4591-B21A-38B59EFCD1F6}.Release|x64.ActiveCfg = Release|x64
		{E7C1954E-559B-4591-B21A-38B59EFCD1F6}.Release|x64.Build.0 = Release|x64
		{E7C1954E-559B-4591-B21A-38B59EFCD1F6}.Release|x86.ActiveCfg = Release|Win32
		{E7C1954E-559B-4591-B21A-38B59EFCD1F6}.Release|x86.Build.0 = Release|Win32
		{97BD232A-78DA-4D35-A4C7-61E8DE13A7A3}.Debug|x64.ActiveCfg = Debug|x64
		{97BD232A-78DA-4D35-A4C7-61E8DE13A7A3}.Debug|x64.Build.0 = Debug|x64
		{97BD232A-78DA-4D35-A4C7-61E8DE13A7A3}.Debug|x86.ActiveCfg = Debug|Win32
		{97BD232A-78DA-4D35-A4C7-61E8DE13A7A3}.Debug|x86.Build.0 = Debug|Win32
		{97BD232A-78DA-4D35-A4C7-61E8DE13A7A3}.Release|x64.ActiveCfg = Release|x64
		{97BD232A-78DA-4D35-A4C7-61E8DE13A7A3}.Release|x64.Build.0 = Release|x64
		{97BD232A-78DA-4D35-A4C7-61E8DE13A7A3}.Release|x86.ActiveCfg = Release|Win32
		{97BD232A-78DA-4D35-A4C7-61E8DE13A7A3}.Release|x86.Build.0 = Release|Win32
	EndGlobalSection
	GlobalSection(SolutionProperties) = preSolution
		HideSolutionNode = FALSE
	EndGlobalSection
EndGlobal
